// !$*UTF8*$!
{
	archiveVersion = 1;
	classes = {
	};
	objectVersion = 46;
	objects = {

/* Begin PBXBuildFile section */
		4A0601611C6AFD4E000721DC /* UIColorExtension.swift in Sources */ = {isa = PBXBuildFile; fileRef = 4A0601601C6AFD4E000721DC /* UIColorExtension.swift */; };
		4A0601811C6BB3D1000721DC /* UISetupExtension.swift in Sources */ = {isa = PBXBuildFile; fileRef = 4A0601801C6BB3D1000721DC /* UISetupExtension.swift */; };
		4A64DEF91C6C07B1002B4824 /* CommentVC.swift in Sources */ = {isa = PBXBuildFile; fileRef = 4A64DEF81C6C07B1002B4824 /* CommentVC.swift */; };
		4A64DF011C6C374F002B4824 /* OnboardingFriendsTVC.swift in Sources */ = {isa = PBXBuildFile; fileRef = 4A64DF001C6C374F002B4824 /* OnboardingFriendsTVC.swift */; };
		4A64DF031C6D15AD002B4824 /* OnboardingProfilePicVC.swift in Sources */ = {isa = PBXBuildFile; fileRef = 4A64DF021C6D15AD002B4824 /* OnboardingProfilePicVC.swift */; };
		4A64DF051C6D168B002B4824 /* OnboardingUsernameVC.swift in Sources */ = {isa = PBXBuildFile; fileRef = 4A64DF041C6D168B002B4824 /* OnboardingUsernameVC.swift */; };
		4A860BB91C6D4A390089AFB1 /* Onboarding.storyboard in Resources */ = {isa = PBXBuildFile; fileRef = 4A860BB71C6D4A380089AFB1 /* Onboarding.storyboard */; };
		4A860BBE1C6D4EFA0089AFB1 /* CamerVC.storyboard in Resources */ = {isa = PBXBuildFile; fileRef = 4A860BBC1C6D4EFA0089AFB1 /* CamerVC.storyboard */; };
		4A860BC01C6D4F1A0089AFB1 /* CameraVC.storyboard in Resources */ = {isa = PBXBuildFile; fileRef = 4A860BBF1C6D4F1A0089AFB1 /* CameraVC.storyboard */; };
		4A96B4471C6A8BAF0093C4CB /* ProfileVC.storyboard in Resources */ = {isa = PBXBuildFile; fileRef = 4A96B4451C6A8BAF0093C4CB /* ProfileVC.storyboard */; };
		4A96B44A1C6A8C100093C4CB /* NotificationsVC.storyboard in Resources */ = {isa = PBXBuildFile; fileRef = 4A96B4481C6A8C100093C4CB /* NotificationsVC.storyboard */; };
		605AFED91C67F60E0048F892 /* SearchVC.swift in Sources */ = {isa = PBXBuildFile; fileRef = 605AFED81C67F60E0048F892 /* SearchVC.swift */; };
		605AFEDB1C67F9320048F892 /* CameraVC.swift in Sources */ = {isa = PBXBuildFile; fileRef = 605AFEDA1C67F9320048F892 /* CameraVC.swift */; };
		605AFEDD1C67FBFE0048F892 /* ComposeVC.swift in Sources */ = {isa = PBXBuildFile; fileRef = 605AFEDC1C67FBFE0048F892 /* ComposeVC.swift */; };
		608795561C6BCC8600DD7D0A /* ProfileVCCell.swift in Sources */ = {isa = PBXBuildFile; fileRef = 608795551C6BCC8600DD7D0A /* ProfileVCCell.swift */; };
		6096F81B1C642F5A00C204DA /* FeedVC.swift in Sources */ = {isa = PBXBuildFile; fileRef = 6096F81A1C642F5A00C204DA /* FeedVC.swift */; };
		60EFB25E1C683119004DEFD2 /* NotificationsVC.swift in Sources */ = {isa = PBXBuildFile; fileRef = 60EFB25D1C683119004DEFD2 /* NotificationsVC.swift */; };
		60EFB2601C683123004DEFD2 /* ProfileVC.swift in Sources */ = {isa = PBXBuildFile; fileRef = 60EFB25F1C683123004DEFD2 /* ProfileVC.swift */; };
		843DC53D1C066D3B6AF2CCBE /* Pods_Instagram.framework in Frameworks */ = {isa = PBXBuildFile; fileRef = CE28942F0B6A189CA6A16CA5 /* Pods_Instagram.framework */; };
		D81806C91C6A9D600046F0C3 /* Comment.swift in Sources */ = {isa = PBXBuildFile; fileRef = D81806C81C6A9D600046F0C3 /* Comment.swift */; };
		D81806CB1C6A9D7D0046F0C3 /* Like.swift in Sources */ = {isa = PBXBuildFile; fileRef = D81806CA1C6A9D7D0046F0C3 /* Like.swift */; };
		D84B4F871C6AC80700D795D9 /* FeedCell.swift in Sources */ = {isa = PBXBuildFile; fileRef = D84B4F861C6AC80700D795D9 /* FeedCell.swift */; };
		D84B4F891C6B141000D795D9 /* TODO.swift in Sources */ = {isa = PBXBuildFile; fileRef = D84B4F881C6B141000D795D9 /* TODO.swift */; };
		D89306261C69768C00154692 /* Post.swift in Sources */ = {isa = PBXBuildFile; fileRef = D89306251C69768C00154692 /* Post.swift */; };
		D89306281C6976B400154692 /* User.swift in Sources */ = {isa = PBXBuildFile; fileRef = D89306271C6976B400154692 /* User.swift */; };
		D893062A1C697F7900154692 /* CloudManager.swift in Sources */ = {isa = PBXBuildFile; fileRef = D89306291C697F7900154692 /* CloudManager.swift */; };
		D893062E1C6980E600154692 /* RecordToClassProtocol.swift in Sources */ = {isa = PBXBuildFile; fileRef = D893062D1C6980E600154692 /* RecordToClassProtocol.swift */; };
		D89306311C699AB500154692 /* DisplaysAlerts.swift in Sources */ = {isa = PBXBuildFile; fileRef = D89306301C699AB500154692 /* DisplaysAlerts.swift */; };
		D89306331C699EEA00154692 /* ChecksError.swift in Sources */ = {isa = PBXBuildFile; fileRef = D89306321C699EEA00154692 /* ChecksError.swift */; };
		D8ADC64A1C6BBF760095DBAC /* FeedVC-FeedCellProtocol.swift in Sources */ = {isa = PBXBuildFile; fileRef = D8ADC6491C6BBF760095DBAC /* FeedVC-FeedCellProtocol.swift */; };
		D8B26DFD1C69A05400B32556 /* CloudKit.framework in Frameworks */ = {isa = PBXBuildFile; fileRef = D8B26DFC1C69A05400B32556 /* CloudKit.framework */; };
		D8BB58E71C6C388F0053A414 /* GlobalDefinitions.swift in Sources */ = {isa = PBXBuildFile; fileRef = D8BB58E61C6C388F0053A414 /* GlobalDefinitions.swift */; };
		D8EDC8A91C640ACE00FF79E3 /* AppDelegate.swift in Sources */ = {isa = PBXBuildFile; fileRef = D8EDC8A81C640ACE00FF79E3 /* AppDelegate.swift */; };
		D8EDC8B01C640ACE00FF79E3 /* Main.storyboard in Resources */ = {isa = PBXBuildFile; fileRef = D8EDC8AE1C640ACE00FF79E3 /* Main.storyboard */; };
		D8EDC8B21C640ACE00FF79E3 /* Assets.xcassets in Resources */ = {isa = PBXBuildFile; fileRef = D8EDC8B11C640ACE00FF79E3 /* Assets.xcassets */; };
		D8EDC8B51C640ACE00FF79E3 /* LaunchScreen.storyboard in Resources */ = {isa = PBXBuildFile; fileRef = D8EDC8B31C640ACE00FF79E3 /* LaunchScreen.storyboard */; };
/* End PBXBuildFile section */

/* Begin PBXFileReference section */
		19D6C26040CD99F937A0B8C1 /* Pods-Instagram.release.xcconfig */ = {isa = PBXFileReference; includeInIndex = 1; lastKnownFileType = text.xcconfig; name = "Pods-Instagram.release.xcconfig"; path = "Pods/Target Support Files/Pods-Instagram/Pods-Instagram.release.xcconfig"; sourceTree = "<group>"; };
		4A0601601C6AFD4E000721DC /* UIColorExtension.swift */ = {isa = PBXFileReference; fileEncoding = 4; lastKnownFileType = sourcecode.swift; path = UIColorExtension.swift; sourceTree = "<group>"; };
		4A0601801C6BB3D1000721DC /* UISetupExtension.swift */ = {isa = PBXFileReference; fileEncoding = 4; lastKnownFileType = sourcecode.swift; path = UISetupExtension.swift; sourceTree = "<group>"; };
		4A64DEF81C6C07B1002B4824 /* CommentVC.swift */ = {isa = PBXFileReference; fileEncoding = 4; lastKnownFileType = sourcecode.swift; path = CommentVC.swift; sourceTree = "<group>"; };
		4A64DF001C6C374F002B4824 /* OnboardingFriendsTVC.swift */ = {isa = PBXFileReference; fileEncoding = 4; lastKnownFileType = sourcecode.swift; path = OnboardingFriendsTVC.swift; sourceTree = "<group>"; };
		4A64DF021C6D15AD002B4824 /* OnboardingProfilePicVC.swift */ = {isa = PBXFileReference; fileEncoding = 4; lastKnownFileType = sourcecode.swift; path = OnboardingProfilePicVC.swift; sourceTree = "<group>"; };
		4A64DF041C6D168B002B4824 /* OnboardingUsernameVC.swift */ = {isa = PBXFileReference; fileEncoding = 4; lastKnownFileType = sourcecode.swift; path = OnboardingUsernameVC.swift; sourceTree = "<group>"; };
		4A860BB81C6D4A390089AFB1 /* Base */ = {isa = PBXFileReference; lastKnownFileType = file.storyboard; name = Base; path = Base.lproj/Onboarding.storyboard; sourceTree = "<group>"; };
		4A860BBD1C6D4EFA0089AFB1 /* Base */ = {isa = PBXFileReference; lastKnownFileType = file.storyboard; name = Base; path = Base.lproj/CamerVC.storyboard; sourceTree = "<group>"; };
		4A860BBF1C6D4F1A0089AFB1 /* CameraVC.storyboard */ = {isa = PBXFileReference; fileEncoding = 4; lastKnownFileType = file.storyboard; path = CameraVC.storyboard; sourceTree = "<group>"; };
		4A96B4461C6A8BAF0093C4CB /* Base */ = {isa = PBXFileReference; lastKnownFileType = file.storyboard; name = Base; path = Base.lproj/ProfileVC.storyboard; sourceTree = "<group>"; };
		4A96B4491C6A8C100093C4CB /* Base */ = {isa = PBXFileReference; lastKnownFileType = file.storyboard; name = Base; path = Base.lproj/NotificationsVC.storyboard; sourceTree = "<group>"; };
		605AFED81C67F60E0048F892 /* SearchVC.swift */ = {isa = PBXFileReference; fileEncoding = 4; lastKnownFileType = sourcecode.swift; path = SearchVC.swift; sourceTree = "<group>"; };
		605AFEDA1C67F9320048F892 /* CameraVC.swift */ = {isa = PBXFileReference; fileEncoding = 4; lastKnownFileType = sourcecode.swift; path = CameraVC.swift; sourceTree = "<group>"; };
		605AFEDC1C67FBFE0048F892 /* ComposeVC.swift */ = {isa = PBXFileReference; fileEncoding = 4; lastKnownFileType = sourcecode.swift; path = ComposeVC.swift; sourceTree = "<group>"; };
		608795551C6BCC8600DD7D0A /* ProfileVCCell.swift */ = {isa = PBXFileReference; fileEncoding = 4; lastKnownFileType = sourcecode.swift; path = ProfileVCCell.swift; sourceTree = "<group>"; };
		6096F81A1C642F5A00C204DA /* FeedVC.swift */ = {isa = PBXFileReference; fileEncoding = 4; lastKnownFileType = sourcecode.swift; path = FeedVC.swift; sourceTree = "<group>"; };
		60EFB25D1C683119004DEFD2 /* NotificationsVC.swift */ = {isa = PBXFileReference; fileEncoding = 4; lastKnownFileType = sourcecode.swift; path = NotificationsVC.swift; sourceTree = "<group>"; };
		60EFB25F1C683123004DEFD2 /* ProfileVC.swift */ = {isa = PBXFileReference; fileEncoding = 4; lastKnownFileType = sourcecode.swift; path = ProfileVC.swift; sourceTree = "<group>"; };
		911B198578C32D7085C8475A /* Pods-Instagram.debug.xcconfig */ = {isa = PBXFileReference; includeInIndex = 1; lastKnownFileType = text.xcconfig; name = "Pods-Instagram.debug.xcconfig"; path = "Pods/Target Support Files/Pods-Instagram/Pods-Instagram.debug.xcconfig"; sourceTree = "<group>"; };
		CE28942F0B6A189CA6A16CA5 /* Pods_Instagram.framework */ = {isa = PBXFileReference; explicitFileType = wrapper.framework; includeInIndex = 0; path = Pods_Instagram.framework; sourceTree = BUILT_PRODUCTS_DIR; };
		D81806C81C6A9D600046F0C3 /* Comment.swift */ = {isa = PBXFileReference; fileEncoding = 4; lastKnownFileType = sourcecode.swift; path = Comment.swift; sourceTree = "<group>"; };
		D81806CA1C6A9D7D0046F0C3 /* Like.swift */ = {isa = PBXFileReference; fileEncoding = 4; lastKnownFileType = sourcecode.swift; path = Like.swift; sourceTree = "<group>"; };
		D84B4F861C6AC80700D795D9 /* FeedCell.swift */ = {isa = PBXFileReference; fileEncoding = 4; lastKnownFileType = sourcecode.swift; path = FeedCell.swift; sourceTree = "<group>"; };
		D84B4F881C6B141000D795D9 /* TODO.swift */ = {isa = PBXFileReference; fileEncoding = 4; lastKnownFileType = sourcecode.swift; path = TODO.swift; sourceTree = "<group>"; };
		D89306251C69768C00154692 /* Post.swift */ = {isa = PBXFileReference; fileEncoding = 4; lastKnownFileType = sourcecode.swift; path = Post.swift; sourceTree = "<group>"; };
		D89306271C6976B400154692 /* User.swift */ = {isa = PBXFileReference; fileEncoding = 4; lastKnownFileType = sourcecode.swift; path = User.swift; sourceTree = "<group>"; };
		D89306291C697F7900154692 /* CloudManager.swift */ = {isa = PBXFileReference; fileEncoding = 4; lastKnownFileType = sourcecode.swift; path = CloudManager.swift; sourceTree = "<group>"; };
		D893062D1C6980E600154692 /* RecordToClassProtocol.swift */ = {isa = PBXFileReference; fileEncoding = 4; lastKnownFileType = sourcecode.swift; path = RecordToClassProtocol.swift; sourceTree = "<group>"; };
		D89306301C699AB500154692 /* DisplaysAlerts.swift */ = {isa = PBXFileReference; fileEncoding = 4; lastKnownFileType = sourcecode.swift; path = DisplaysAlerts.swift; sourceTree = "<group>"; };
		D89306321C699EEA00154692 /* ChecksError.swift */ = {isa = PBXFileReference; fileEncoding = 4; lastKnownFileType = sourcecode.swift; path = ChecksError.swift; sourceTree = "<group>"; };
		D8ADC6491C6BBF760095DBAC /* FeedVC-FeedCellProtocol.swift */ = {isa = PBXFileReference; fileEncoding = 4; lastKnownFileType = sourcecode.swift; path = "FeedVC-FeedCellProtocol.swift"; sourceTree = "<group>"; };
		D8B26DFB1C69A05200B32556 /* Instagram.entitlements */ = {isa = PBXFileReference; lastKnownFileType = text.xml; path = Instagram.entitlements; sourceTree = "<group>"; };
		D8B26DFC1C69A05400B32556 /* CloudKit.framework */ = {isa = PBXFileReference; lastKnownFileType = wrapper.framework; name = CloudKit.framework; path = System/Library/Frameworks/CloudKit.framework; sourceTree = SDKROOT; };
		D8BB58E61C6C388F0053A414 /* GlobalDefinitions.swift */ = {isa = PBXFileReference; fileEncoding = 4; lastKnownFileType = sourcecode.swift; path = GlobalDefinitions.swift; sourceTree = "<group>"; };
		D8EDC8A51C640ACE00FF79E3 /* Instagram.app */ = {isa = PBXFileReference; explicitFileType = wrapper.application; includeInIndex = 0; path = Instagram.app; sourceTree = BUILT_PRODUCTS_DIR; };
		D8EDC8A81C640ACE00FF79E3 /* AppDelegate.swift */ = {isa = PBXFileReference; lastKnownFileType = sourcecode.swift; path = AppDelegate.swift; sourceTree = "<group>"; };
		D8EDC8AF1C640ACE00FF79E3 /* Base */ = {isa = PBXFileReference; lastKnownFileType = file.storyboard; name = Base; path = Base.lproj/Main.storyboard; sourceTree = "<group>"; };
		D8EDC8B11C640ACE00FF79E3 /* Assets.xcassets */ = {isa = PBXFileReference; lastKnownFileType = folder.assetcatalog; path = Assets.xcassets; sourceTree = "<group>"; };
		D8EDC8B41C640ACE00FF79E3 /* Base */ = {isa = PBXFileReference; lastKnownFileType = file.storyboard; name = Base; path = Base.lproj/LaunchScreen.storyboard; sourceTree = "<group>"; };
		D8EDC8B61C640ACE00FF79E3 /* Info.plist */ = {isa = PBXFileReference; lastKnownFileType = text.plist.xml; path = Info.plist; sourceTree = "<group>"; };
/* End PBXFileReference section */

/* Begin PBXFrameworksBuildPhase section */
		D8EDC8A21C640ACE00FF79E3 /* Frameworks */ = {
			isa = PBXFrameworksBuildPhase;
			buildActionMask = 2147483647;
			files = (
				843DC53D1C066D3B6AF2CCBE /* Pods_Instagram.framework in Frameworks */,
				D8B26DFD1C69A05400B32556 /* CloudKit.framework in Frameworks */,
			);
			runOnlyForDeploymentPostprocessing = 0;
		};
/* End PBXFrameworksBuildPhase section */

/* Begin PBXGroup section */
		90CADFAC6E0DFCA2BF221C79 /* Frameworks */ = {
			isa = PBXGroup;
			children = (
				D8B26DFC1C69A05400B32556 /* CloudKit.framework */,
				CE28942F0B6A189CA6A16CA5 /* Pods_Instagram.framework */,
			);
			name = Frameworks;
			sourceTree = "<group>";
		};
		D59D328A2D67BE3D35B1A6B1 /* Pods */ = {
			isa = PBXGroup;
			children = (
				911B198578C32D7085C8475A /* Pods-Instagram.debug.xcconfig */,
				19D6C26040CD99F937A0B8C1 /* Pods-Instagram.release.xcconfig */,
			);
			name = Pods;
			sourceTree = "<group>";
		};
		D893062F1C6981DC00154692 /* Protocol */ = {
			isa = PBXGroup;
			children = (
				D893062D1C6980E600154692 /* RecordToClassProtocol.swift */,
				D89306301C699AB500154692 /* DisplaysAlerts.swift */,
				D89306321C699EEA00154692 /* ChecksError.swift */,
			);
			name = Protocol;
			sourceTree = "<group>";
		};
		D8ADC64C1C6C21A40095DBAC /* Search */ = {
			isa = PBXGroup;
			children = (
				605AFED81C67F60E0048F892 /* SearchVC.swift */,
			);
			name = Search;
			sourceTree = "<group>";
		};
		D8ADC64D1C6C21AA0095DBAC /* Camera */ = {
			isa = PBXGroup;
			children = (
				605AFEDA1C67F9320048F892 /* CameraVC.swift */,
				605AFEDC1C67FBFE0048F892 /* ComposeVC.swift */,
			);
			name = Camera;
			sourceTree = "<group>";
		};
		D8ADC64E1C6C21B20095DBAC /* Notifications */ = {
			isa = PBXGroup;
			children = (
				60EFB25D1C683119004DEFD2 /* NotificationsVC.swift */,
			);
			name = Notifications;
			sourceTree = "<group>";
		};
		D8ADC64F1C6C21C30095DBAC /* Profile */ = {
			isa = PBXGroup;
			children = (
				60EFB25F1C683123004DEFD2 /* ProfileVC.swift */,
			);
			name = Profile;
			sourceTree = "<group>";
		};
		D8BB58EC1C6C43040053A414 /* Feed */ = {
			isa = PBXGroup;
			children = (
				6096F81A1C642F5A00C204DA /* FeedVC.swift */,
				D8ADC6491C6BBF760095DBAC /* FeedVC-FeedCellProtocol.swift */,
				4A64DEF81C6C07B1002B4824 /* CommentVC.swift */,
			);
			name = Feed;
			sourceTree = "<group>";
		};
		D8BB58ED1C6C435B0053A414 /* Onboarding */ = {
			isa = PBXGroup;
			children = (
				4A64DF001C6C374F002B4824 /* OnboardingFriendsTVC.swift */,
				4A64DF041C6D168B002B4824 /* OnboardingUsernameVC.swift */,
				4A64DF021C6D15AD002B4824 /* OnboardingProfilePicVC.swift */,
			);
			name = Onboarding;
			sourceTree = "<group>";
		};
		D8EDC89C1C640ACE00FF79E3 = {
			isa = PBXGroup;
			children = (
				D8EDC8A71C640ACE00FF79E3 /* Instagram */,
				D8EDC8A61C640ACE00FF79E3 /* Products */,
				D59D328A2D67BE3D35B1A6B1 /* Pods */,
				90CADFAC6E0DFCA2BF221C79 /* Frameworks */,
			);
			sourceTree = "<group>";
		};
		D8EDC8A61C640ACE00FF79E3 /* Products */ = {
			isa = PBXGroup;
			children = (
				D8EDC8A51C640ACE00FF79E3 /* Instagram.app */,
			);
			name = Products;
			sourceTree = "<group>";
		};
		D8EDC8A71C640ACE00FF79E3 /* Instagram */ = {
			isa = PBXGroup;
			children = (
				D8BB58E61C6C388F0053A414 /* GlobalDefinitions.swift */,
				4A0601601C6AFD4E000721DC /* UIColorExtension.swift */,
				4A0601801C6BB3D1000721DC /* UISetupExtension.swift */,
				D893062F1C6981DC00154692 /* Protocol */,
				D8EDC8C11C6410DE00FF79E3 /* Model */,
				D8EDC8BE1C640DED00FF79E3 /* Controller */,
				D8EDC8BD1C640DAC00FF79E3 /* View */,
				D8EDC8BC1C640DA400FF79E3 /* Other */,
			);
			path = Instagram;
			sourceTree = "<group>";
		};
		D8EDC8BC1C640DA400FF79E3 /* Other */ = {
			isa = PBXGroup;
			children = (
				D8B26DFB1C69A05200B32556 /* Instagram.entitlements */,
				D8EDC8B11C640ACE00FF79E3 /* Assets.xcassets */,
				D8EDC8B31C640ACE00FF79E3 /* LaunchScreen.storyboard */,
				D8EDC8B61C640ACE00FF79E3 /* Info.plist */,
				D8EDC8A81C640ACE00FF79E3 /* AppDelegate.swift */,
			);
			name = Other;
			sourceTree = "<group>";
		};
		D8EDC8BD1C640DAC00FF79E3 /* View */ = {
			isa = PBXGroup;
			children = (
				D8EDC8AE1C640ACE00FF79E3 /* Main.storyboard */,
				4A860BBF1C6D4F1A0089AFB1 /* CameraVC.storyboard */,
				4A860BBC1C6D4EFA0089AFB1 /* CamerVC.storyboard */,
				4A860BB71C6D4A380089AFB1 /* Onboarding.storyboard */,
				4A96B4481C6A8C100093C4CB /* NotificationsVC.storyboard */,
				4A96B4451C6A8BAF0093C4CB /* ProfileVC.storyboard */,
				608795551C6BCC8600DD7D0A /* ProfileVCCell.swift */,
				D84B4F861C6AC80700D795D9 /* FeedCell.swift */,
			);
			name = View;
			sourceTree = "<group>";
		};
		D8EDC8BE1C640DED00FF79E3 /* Controller */ = {
			isa = PBXGroup;
			children = (
				D8BB58ED1C6C435B0053A414 /* Onboarding */,
				D8BB58EC1C6C43040053A414 /* Feed */,
				D8ADC64C1C6C21A40095DBAC /* Search */,
				D8ADC64D1C6C21AA0095DBAC /* Camera */,
				D8ADC64E1C6C21B20095DBAC /* Notifications */,
				D8ADC64F1C6C21C30095DBAC /* Profile */,
			);
			name = Controller;
			sourceTree = "<group>";
		};
		D8EDC8C11C6410DE00FF79E3 /* Model */ = {
			isa = PBXGroup;
			children = (
				D84B4F881C6B141000D795D9 /* TODO.swift */,
				D89306271C6976B400154692 /* User.swift */,
				D89306251C69768C00154692 /* Post.swift */,
				D81806CA1C6A9D7D0046F0C3 /* Like.swift */,
				D81806C81C6A9D600046F0C3 /* Comment.swift */,
				D89306291C697F7900154692 /* CloudManager.swift */,
			);
			name = Model;
			sourceTree = "<group>";
		};
/* End PBXGroup section */

/* Begin PBXNativeTarget section */
		D8EDC8A41C640ACE00FF79E3 /* Instagram */ = {
			isa = PBXNativeTarget;
			buildConfigurationList = D8EDC8B91C640ACE00FF79E3 /* Build configuration list for PBXNativeTarget "Instagram" */;
			buildPhases = (
				20A0FA93A8E1D2E1731A2FCD /* Check Pods Manifest.lock */,
				D8EDC8A11C640ACE00FF79E3 /* Sources */,
				D8EDC8A21C640ACE00FF79E3 /* Frameworks */,
				D8EDC8A31C640ACE00FF79E3 /* Resources */,
				0531BDB81B60D6E5859BA115 /* Embed Pods Frameworks */,
				BF4D919C3E5ED383D6C97527 /* Copy Pods Resources */,
			);
			buildRules = (
			);
			dependencies = (
			);
			name = Instagram;
			productName = Instagram;
			productReference = D8EDC8A51C640ACE00FF79E3 /* Instagram.app */;
			productType = "com.apple.product-type.application";
		};
/* End PBXNativeTarget section */

/* Begin PBXProject section */
		D8EDC89D1C640ACE00FF79E3 /* Project object */ = {
			isa = PBXProject;
			attributes = {
				LastSwiftUpdateCheck = 0720;
				LastUpgradeCheck = 0720;
				ORGANIZATIONNAME = "Nathan Lanza";
				TargetAttributes = {
					D8EDC8A41C640ACE00FF79E3 = {
						CreatedOnToolsVersion = 7.2;
						DevelopmentTeam = 72MNHNDUNH;
						SystemCapabilities = {
							com.apple.iCloud = {
								enabled = 1;
							};
						};
					};
				};
			};
			buildConfigurationList = D8EDC8A01C640ACE00FF79E3 /* Build configuration list for PBXProject "Instagram" */;
			compatibilityVersion = "Xcode 3.2";
			developmentRegion = English;
			hasScannedForEncodings = 0;
			knownRegions = (
				en,
				Base,
			);
			mainGroup = D8EDC89C1C640ACE00FF79E3;
			productRefGroup = D8EDC8A61C640ACE00FF79E3 /* Products */;
			projectDirPath = "";
			projectRoot = "";
			targets = (
				D8EDC8A41C640ACE00FF79E3 /* Instagram */,
			);
		};
/* End PBXProject section */

/* Begin PBXResourcesBuildPhase section */
		D8EDC8A31C640ACE00FF79E3 /* Resources */ = {
			isa = PBXResourcesBuildPhase;
			buildActionMask = 2147483647;
			files = (
				D8EDC8B51C640ACE00FF79E3 /* LaunchScreen.storyboard in Resources */,
				4A96B4471C6A8BAF0093C4CB /* ProfileVC.storyboard in Resources */,
				D8EDC8B21C640ACE00FF79E3 /* Assets.xcassets in Resources */,
				4A860BBE1C6D4EFA0089AFB1 /* CamerVC.storyboard in Resources */,
				4A860BC01C6D4F1A0089AFB1 /* CameraVC.storyboard in Resources */,
				4A860BB91C6D4A390089AFB1 /* Onboarding.storyboard in Resources */,
				4A96B44A1C6A8C100093C4CB /* NotificationsVC.storyboard in Resources */,
				D8EDC8B01C640ACE00FF79E3 /* Main.storyboard in Resources */,
			);
			runOnlyForDeploymentPostprocessing = 0;
		};
/* End PBXResourcesBuildPhase section */

/* Begin PBXShellScriptBuildPhase section */
		0531BDB81B60D6E5859BA115 /* Embed Pods Frameworks */ = {
			isa = PBXShellScriptBuildPhase;
			buildActionMask = 2147483647;
			files = (
			);
			inputPaths = (
			);
			name = "Embed Pods Frameworks";
			outputPaths = (
			);
			runOnlyForDeploymentPostprocessing = 0;
			shellPath = /bin/sh;
			shellScript = "\"${SRCROOT}/Pods/Target Support Files/Pods-Instagram/Pods-Instagram-frameworks.sh\"\n";
			showEnvVarsInLog = 0;
		};
		20A0FA93A8E1D2E1731A2FCD /* Check Pods Manifest.lock */ = {
			isa = PBXShellScriptBuildPhase;
			buildActionMask = 2147483647;
			files = (
			);
			inputPaths = (
			);
			name = "Check Pods Manifest.lock";
			outputPaths = (
			);
			runOnlyForDeploymentPostprocessing = 0;
			shellPath = /bin/sh;
			shellScript = "diff \"${PODS_ROOT}/../Podfile.lock\" \"${PODS_ROOT}/Manifest.lock\" > /dev/null\nif [[ $? != 0 ]] ; then\n    cat << EOM\nerror: The sandbox is not in sync with the Podfile.lock. Run 'pod install' or update your CocoaPods installation.\nEOM\n    exit 1\nfi\n";
			showEnvVarsInLog = 0;
		};
		BF4D919C3E5ED383D6C97527 /* Copy Pods Resources */ = {
			isa = PBXShellScriptBuildPhase;
			buildActionMask = 2147483647;
			files = (
			);
			inputPaths = (
			);
			name = "Copy Pods Resources";
			outputPaths = (
			);
			runOnlyForDeploymentPostprocessing = 0;
			shellPath = /bin/sh;
			shellScript = "\"${SRCROOT}/Pods/Target Support Files/Pods-Instagram/Pods-Instagram-resources.sh\"\n";
			showEnvVarsInLog = 0;
		};
/* End PBXShellScriptBuildPhase section */

/* Begin PBXSourcesBuildPhase section */
		D8EDC8A11C640ACE00FF79E3 /* Sources */ = {
			isa = PBXSourcesBuildPhase;
			buildActionMask = 2147483647;
			files = (
				4A64DF011C6C374F002B4824 /* OnboardingFriendsTVC.swift in Sources */,
				D84B4F891C6B141000D795D9 /* TODO.swift in Sources */,
				605AFED91C67F60E0048F892 /* SearchVC.swift in Sources */,
				4A0601811C6BB3D1000721DC /* UISetupExtension.swift in Sources */,
				4A64DF031C6D15AD002B4824 /* OnboardingProfilePicVC.swift in Sources */,
				D89306331C699EEA00154692 /* ChecksError.swift in Sources */,
				605AFEDB1C67F9320048F892 /* CameraVC.swift in Sources */,
				4A64DF051C6D168B002B4824 /* OnboardingUsernameVC.swift in Sources */,
				D8ADC64A1C6BBF760095DBAC /* FeedVC-FeedCellProtocol.swift in Sources */,
				D81806CB1C6A9D7D0046F0C3 /* Like.swift in Sources */,
				D893062A1C697F7900154692 /* CloudManager.swift in Sources */,
				60EFB2601C683123004DEFD2 /* ProfileVC.swift in Sources */,
				D8BB58E71C6C388F0053A414 /* GlobalDefinitions.swift in Sources */,
				60EFB25E1C683119004DEFD2 /* NotificationsVC.swift in Sources */,
				608795561C6BCC8600DD7D0A /* ProfileVCCell.swift in Sources */,
				D8EDC8A91C640ACE00FF79E3 /* AppDelegate.swift in Sources */,
				6096F81B1C642F5A00C204DA /* FeedVC.swift in Sources */,
				D893062E1C6980E600154692 /* RecordToClassProtocol.swift in Sources */,
				D81806C91C6A9D600046F0C3 /* Comment.swift in Sources */,
				605AFEDD1C67FBFE0048F892 /* ComposeVC.swift in Sources */,
				D89306311C699AB500154692 /* DisplaysAlerts.swift in Sources */,
				D89306281C6976B400154692 /* User.swift in Sources */,
				D89306261C69768C00154692 /* Post.swift in Sources */,
				D84B4F871C6AC80700D795D9 /* FeedCell.swift in Sources */,
				4A0601611C6AFD4E000721DC /* UIColorExtension.swift in Sources */,
				4A64DEF91C6C07B1002B4824 /* CommentVC.swift in Sources */,
			);
			runOnlyForDeploymentPostprocessing = 0;
		};
/* End PBXSourcesBuildPhase section */

/* Begin PBXVariantGroup section */
		4A860BB71C6D4A380089AFB1 /* Onboarding.storyboard */ = {
			isa = PBXVariantGroup;
			children = (
				4A860BB81C6D4A390089AFB1 /* Base */,
			);
			name = Onboarding.storyboard;
			sourceTree = "<group>";
		};
		4A860BBC1C6D4EFA0089AFB1 /* CamerVC.storyboard */ = {
			isa = PBXVariantGroup;
			children = (
				4A860BBD1C6D4EFA0089AFB1 /* Base */,
			);
			name = CamerVC.storyboard;
			sourceTree = "<group>";
		};
		4A96B4451C6A8BAF0093C4CB /* ProfileVC.storyboard */ = {
			isa = PBXVariantGroup;
			children = (
				4A96B4461C6A8BAF0093C4CB /* Base */,
			);
			name = ProfileVC.storyboard;
			sourceTree = "<group>";
		};
		4A96B4481C6A8C100093C4CB /* NotificationsVC.storyboard */ = {
			isa = PBXVariantGroup;
			children = (
				4A96B4491C6A8C100093C4CB /* Base */,
			);
			name = NotificationsVC.storyboard;
			sourceTree = "<group>";
		};
		D8EDC8AE1C640ACE00FF79E3 /* Main.storyboard */ = {
			isa = PBXVariantGroup;
			children = (
				D8EDC8AF1C640ACE00FF79E3 /* Base */,
			);
			name = Main.storyboard;
			sourceTree = "<group>";
		};
		D8EDC8B31C640ACE00FF79E3 /* LaunchScreen.storyboard */ = {
			isa = PBXVariantGroup;
			children = (
				D8EDC8B41C640ACE00FF79E3 /* Base */,
			);
			name = LaunchScreen.storyboard;
			sourceTree = "<group>";
		};
/* End PBXVariantGroup section */

/* Begin XCBuildConfiguration section */
		D8EDC8B71C640ACE00FF79E3 /* Debug */ = {
			isa = XCBuildConfiguration;
			buildSettings = {
				ALWAYS_SEARCH_USER_PATHS = NO;
				CLANG_CXX_LANGUAGE_STANDARD = "gnu++0x";
				CLANG_CXX_LIBRARY = "libc++";
				CLANG_ENABLE_MODULES = YES;
				CLANG_ENABLE_OBJC_ARC = YES;
				CLANG_WARN_BOOL_CONVERSION = YES;
				CLANG_WARN_CONSTANT_CONVERSION = YES;
				CLANG_WARN_DIRECT_OBJC_ISA_USAGE = YES_ERROR;
				CLANG_WARN_EMPTY_BODY = YES;
				CLANG_WARN_ENUM_CONVERSION = YES;
				CLANG_WARN_INT_CONVERSION = YES;
				CLANG_WARN_OBJC_ROOT_CLASS = YES_ERROR;
				CLANG_WARN_UNREACHABLE_CODE = YES;
				CLANG_WARN__DUPLICATE_METHOD_MATCH = YES;
				"CODE_SIGN_IDENTITY[sdk=iphoneos*]" = "iPhone Developer";
				COPY_PHASE_STRIP = NO;
				DEBUG_INFORMATION_FORMAT = dwarf;
				ENABLE_STRICT_OBJC_MSGSEND = YES;
				ENABLE_TESTABILITY = YES;
				GCC_C_LANGUAGE_STANDARD = gnu99;
				GCC_DYNAMIC_NO_PIC = NO;
				GCC_NO_COMMON_BLOCKS = YES;
				GCC_OPTIMIZATION_LEVEL = 0;
				GCC_PREPROCESSOR_DEFINITIONS = (
					"DEBUG=1",
					"$(inherited)",
				);
				GCC_WARN_64_TO_32_BIT_CONVERSION = YES;
				GCC_WARN_ABOUT_RETURN_TYPE = YES_ERROR;
				GCC_WARN_UNDECLARED_SELECTOR = YES;
				GCC_WARN_UNINITIALIZED_AUTOS = YES_AGGRESSIVE;
				GCC_WARN_UNUSED_FUNCTION = YES;
				GCC_WARN_UNUSED_VARIABLE = YES;
				IPHONEOS_DEPLOYMENT_TARGET = 9.2;
				MTL_ENABLE_DEBUG_INFO = YES;
				ONLY_ACTIVE_ARCH = YES;
				SDKROOT = iphoneos;
				SWIFT_OPTIMIZATION_LEVEL = "-Onone";
				TARGETED_DEVICE_FAMILY = "1,2";
			};
			name = Debug;
		};
		D8EDC8B81C640ACE00FF79E3 /* Release */ = {
			isa = XCBuildConfiguration;
			buildSettings = {
				ALWAYS_SEARCH_USER_PATHS = NO;
				CLANG_CXX_LANGUAGE_STANDARD = "gnu++0x";
				CLANG_CXX_LIBRARY = "libc++";
				CLANG_ENABLE_MODULES = YES;
				CLANG_ENABLE_OBJC_ARC = YES;
				CLANG_WARN_BOOL_CONVERSION = YES;
				CLANG_WARN_CONSTANT_CONVERSION = YES;
				CLANG_WARN_DIRECT_OBJC_ISA_USAGE = YES_ERROR;
				CLANG_WARN_EMPTY_BODY = YES;
				CLANG_WARN_ENUM_CONVERSION = YES;
				CLANG_WARN_INT_CONVERSION = YES;
				CLANG_WARN_OBJC_ROOT_CLASS = YES_ERROR;
				CLANG_WARN_UNREACHABLE_CODE = YES;
				CLANG_WARN__DUPLICATE_METHOD_MATCH = YES;
				"CODE_SIGN_IDENTITY[sdk=iphoneos*]" = "iPhone Developer";
				COPY_PHASE_STRIP = NO;
				DEBUG_INFORMATION_FORMAT = "dwarf-with-dsym";
				ENABLE_NS_ASSERTIONS = NO;
				ENABLE_STRICT_OBJC_MSGSEND = YES;
				GCC_C_LANGUAGE_STANDARD = gnu99;
				GCC_NO_COMMON_BLOCKS = YES;
				GCC_WARN_64_TO_32_BIT_CONVERSION = YES;
				GCC_WARN_ABOUT_RETURN_TYPE = YES_ERROR;
				GCC_WARN_UNDECLARED_SELECTOR = YES;
				GCC_WARN_UNINITIALIZED_AUTOS = YES_AGGRESSIVE;
				GCC_WARN_UNUSED_FUNCTION = YES;
				GCC_WARN_UNUSED_VARIABLE = YES;
				IPHONEOS_DEPLOYMENT_TARGET = 9.2;
				MTL_ENABLE_DEBUG_INFO = NO;
				SDKROOT = iphoneos;
				TARGETED_DEVICE_FAMILY = "1,2";
				VALIDATE_PRODUCT = YES;
			};
			name = Release;
		};
		D8EDC8BA1C640ACE00FF79E3 /* Debug */ = {
			isa = XCBuildConfiguration;
			baseConfigurationReference = 911B198578C32D7085C8475A /* Pods-Instagram.debug.xcconfig */;
			buildSettings = {
				ASSETCATALOG_COMPILER_APPICON_NAME = AppIcon;
				CODE_SIGN_ENTITLEMENTS = Instagram/Instagram.entitlements;
				CODE_SIGN_IDENTITY = "iPhone Developer";
				"CODE_SIGN_IDENTITY[sdk=iphoneos*]" = "iPhone Developer";
				INFOPLIST_FILE = Instagram/Info.plist;
				LD_RUNPATH_SEARCH_PATHS = "$(inherited) @executable_path/Frameworks";
				PRODUCT_BUNDLE_IDENTIFIER = io.lanza.Instagram;
				PRODUCT_NAME = "$(TARGET_NAME)";
				PROVISIONING_PROFILE = "";
				TARGETED_DEVICE_FAMILY = 1;
			};
			name = Debug;
		};
		D8EDC8BB1C640ACE00FF79E3 /* Release */ = {
			isa = XCBuildConfiguration;
			baseConfigurationReference = 19D6C26040CD99F937A0B8C1 /* Pods-Instagram.release.xcconfig */;
			buildSettings = {
				ASSETCATALOG_COMPILER_APPICON_NAME = AppIcon;
				CODE_SIGN_ENTITLEMENTS = Instagram/Instagram.entitlements;
				CODE_SIGN_IDENTITY = "iPhone Developer";
				"CODE_SIGN_IDENTITY[sdk=iphoneos*]" = "iPhone Developer";
				INFOPLIST_FILE = Instagram/Info.plist;
				LD_RUNPATH_SEARCH_PATHS = "$(inherited) @executable_path/Frameworks";
				PRODUCT_BUNDLE_IDENTIFIER = io.lanza.Instagram;
				PRODUCT_NAME = "$(TARGET_NAME)";
				PROVISIONING_PROFILE = "";
				TARGETED_DEVICE_FAMILY = 1;
			};
			name = Release;
		};
/* End XCBuildConfiguration section */

/* Begin XCConfigurationList section */
		D8EDC8A01C640ACE00FF79E3 /* Build configuration list for PBXProject "Instagram" */ = {
			isa = XCConfigurationList;
			buildConfigurations = (
				D8EDC8B71C640ACE00FF79E3 /* Debug */,
				D8EDC8B81C640ACE00FF79E3 /* Release */,
			);
			defaultConfigurationIsVisible = 0;
			defaultConfigurationName = Release;
		};
		D8EDC8B91C640ACE00FF79E3 /* Build configuration list for PBXNativeTarget "Instagram" */ = {
			isa = XCConfigurationList;
			buildConfigurations = (
				D8EDC8BA1C640ACE00FF79E3 /* Debug */,
				D8EDC8BB1C640ACE00FF79E3 /* Release */,
			);
			defaultConfigurationIsVisible = 0;
			defaultConfigurationName = Release;
		};
/* End XCConfigurationList section */
	};
	rootObject = D8EDC89D1C640ACE00FF79E3 /* Project object */;
}
